// !$*UTF8*$!
{
	archiveVersion = 1;
	classes = {
	};
	objectVersion = 46;
	objects = {

/* Begin PBXBuildFile section */
		4C1338521B6087A300585E62 /* MCCurrency.m in Sources */ = {isa = PBXBuildFile; fileRef = 4C1338511B6087A300585E62 /* MCCurrency.m */; };
		4C1338551B60899300585E62 /* MCExchangeRateRequest.m in Sources */ = {isa = PBXBuildFile; fileRef = 4C1338541B60899300585E62 /* MCExchangeRateRequest.m */; };
		4C1338761B60B97C00585E62 /* MCDevice.m in Sources */ = {isa = PBXBuildFile; fileRef = 4C1338641B60B97C00585E62 /* MCDevice.m */; };
		4C1338781B60B97C00585E62 /* MCDrawImage.m in Sources */ = {isa = PBXBuildFile; fileRef = 4C1338681B60B97C00585E62 /* MCDrawImage.m */; };
		4C13387A1B60B97C00585E62 /* MCImageExtension.m in Sources */ = {isa = PBXBuildFile; fileRef = 4C13386C1B60B97C00585E62 /* MCImageExtension.m */; };
		4C13387B1B60B97C00585E62 /* MCStringExtension.m in Sources */ = {isa = PBXBuildFile; fileRef = 4C13386E1B60B97C00585E62 /* MCStringExtension.m */; };
		4C1338821B60BD6800585E62 /* MCExchangeRateRoot.m in Sources */ = {isa = PBXBuildFile; fileRef = 4C1338811B60BD6800585E62 /* MCExchangeRateRoot.m */; };
		4C1338851B60BDA100585E62 /* MCExchangeRateQuery.m in Sources */ = {isa = PBXBuildFile; fileRef = 4C1338841B60BDA100585E62 /* MCExchangeRateQuery.m */; };
		4C1338881B60BDF600585E62 /* MCExchangeRateResult.m in Sources */ = {isa = PBXBuildFile; fileRef = 4C1338871B60BDF600585E62 /* MCExchangeRateResult.m */; };
		4C1F05C11B5F8E6700DF101C /* main.m in Sources */ = {isa = PBXBuildFile; fileRef = 4C1F05C01B5F8E6700DF101C /* main.m */; };
		4C1F05C41B5F8E6700DF101C /* AppDelegate.m in Sources */ = {isa = PBXBuildFile; fileRef = 4C1F05C31B5F8E6700DF101C /* AppDelegate.m */; };
		4C1F05CC1B5F8E6700DF101C /* Images.xcassets in Resources */ = {isa = PBXBuildFile; fileRef = 4C1F05CB1B5F8E6700DF101C /* Images.xcassets */; };
		4C1F05DB1B5F8E6700DF101C /* ExchangeRateTests.m in Sources */ = {isa = PBXBuildFile; fileRef = 4C1F05DA1B5F8E6700DF101C /* ExchangeRateTests.m */; };
		4C1F06521B5F978C00DF101C /* DataManager.m in Sources */ = {isa = PBXBuildFile; fileRef = 4C1F06421B5F978C00DF101C /* DataManager.m */; };
		4C1F06551B5F978C00DF101C /* MCExchangeRate.m in Sources */ = {isa = PBXBuildFile; fileRef = 4C1F064A1B5F978C00DF101C /* MCExchangeRate.m */; };
		4C1F06561B5F978C00DF101C /* LaunchScreen.xib in Resources */ = {isa = PBXBuildFile; fileRef = 4C1F064C1B5F978C00DF101C /* LaunchScreen.xib */; };
		4C1F06571B5F978C00DF101C /* Main.storyboard in Resources */ = {isa = PBXBuildFile; fileRef = 4C1F064D1B5F978C00DF101C /* Main.storyboard */; };
		4C2014B01B8C467F000994B7 /* GoogleMobileAds.framework in Frameworks */ = {isa = PBXBuildFile; fileRef = 4C2014AF1B8C467F000994B7 /* GoogleMobileAds.framework */; };
		4C30BC901B93E24A0081F391 /* Sentences.json in Resources */ = {isa = PBXBuildFile; fileRef = 4C30BC8F1B93E24A0081F391 /* Sentences.json */; };
		4C30BC931B93E2740081F391 /* MCSentence.m in Sources */ = {isa = PBXBuildFile; fileRef = 4C30BC921B93E2740081F391 /* MCSentence.m */; };
		4C30BC961B93E3670081F391 /* MCEmptyView.m in Sources */ = {isa = PBXBuildFile; fileRef = 4C30BC951B93E3670081F391 /* MCEmptyView.m */; };
		4C38FCAB1B686B8F0025709E /* MCCurrencyListCell.m in Sources */ = {isa = PBXBuildFile; fileRef = 4C38FCA91B686B8F0025709E /* MCCurrencyListCell.m */; };
		4C38FCAC1B686B8F0025709E /* MCCurrencyListCell.xib in Resources */ = {isa = PBXBuildFile; fileRef = 4C38FCAA1B686B8F0025709E /* MCCurrencyListCell.xib */; };
		4C38FCAF1B686F740025709E /* StartUp.m in Sources */ = {isa = PBXBuildFile; fileRef = 4C38FCAE1B686F740025709E /* StartUp.m */; };
		4C3ACD601B672A11003B7C59 /* FilePath.m in Sources */ = {isa = PBXBuildFile; fileRef = 4C3ACD5F1B672A11003B7C59 /* FilePath.m */; };
		4C4D4F721B70A94900F18518 /* MCNumberKeyboard.m in Sources */ = {isa = PBXBuildFile; fileRef = 4C4D4F701B70A94900F18518 /* MCNumberKeyboard.m */; };
		4C4D4F731B70A94900F18518 /* MCNumberKeyboard.xib in Resources */ = {isa = PBXBuildFile; fileRef = 4C4D4F711B70A94900F18518 /* MCNumberKeyboard.xib */; };
		4C4D4F761B70A95100F18518 /* MCCalculate.m in Sources */ = {isa = PBXBuildFile; fileRef = 4C4D4F751B70A95100F18518 /* MCCalculate.m */; };
		4CF9E5791B661EED003C1A56 /* MCExchangeRateCell.m in Sources */ = {isa = PBXBuildFile; fileRef = 4CF9E5741B661EED003C1A56 /* MCExchangeRateCell.m */; };
		4CF9E57A1B661EED003C1A56 /* MCExchangeRateCell.xib in Resources */ = {isa = PBXBuildFile; fileRef = 4CF9E5751B661EED003C1A56 /* MCExchangeRateCell.xib */; };
		4CF9E57B1B661EED003C1A56 /* MCPanCell.m in Sources */ = {isa = PBXBuildFile; fileRef = 4CF9E5771B661EED003C1A56 /* MCPanCell.m */; };
		4CF9E57C1B661EED003C1A56 /* MCPanCell.xib in Resources */ = {isa = PBXBuildFile; fileRef = 4CF9E5781B661EED003C1A56 /* MCPanCell.xib */; };
		822A40591B84DFA100CF3A53 /* SelectedCurrencies.json in Resources */ = {isa = PBXBuildFile; fileRef = 822A40581B84DFA100CF3A53 /* SelectedCurrencies.json */; };
		823B94AA1B97476E00EC2453 /* InfoPlist.strings in Resources */ = {isa = PBXBuildFile; fileRef = 823B94AC1B97476E00EC2453 /* InfoPlist.strings */; };
		823C538C1BAB18B000DB1DD6 /* libFlurry_7.1.1.a in Frameworks */ = {isa = PBXBuildFile; fileRef = 823C538B1BAB18B000DB1DD6 /* libFlurry_7.1.1.a */; settings = {ASSET_TAGS = (); }; };
		823C538F1BAB285800DB1DD6 /* Currency.strings in Resources */ = {isa = PBXBuildFile; fileRef = 823C53911BAB285800DB1DD6 /* Currency.strings */; };
		823DE42F1B667A6C009C4381 /* MCExchangeRateNavigationController.m in Sources */ = {isa = PBXBuildFile; fileRef = 823DE42E1B667A6C009C4381 /* MCExchangeRateNavigationController.m */; };
		823DE4321B667A88009C4381 /* MCExchangeRateViewController.m in Sources */ = {isa = PBXBuildFile; fileRef = 823DE4311B667A88009C4381 /* MCExchangeRateViewController.m */; };
		825B206A1B67D88A00ED9E7D /* MCCurrencyListViewController.m in Sources */ = {isa = PBXBuildFile; fileRef = 825B20691B67D88A00ED9E7D /* MCCurrencyListViewController.m */; };
		825B206D1B67D8A900ED9E7D /* MCCurrencyListNavigationController.m in Sources */ = {isa = PBXBuildFile; fileRef = 825B206C1B67D8A900ED9E7D /* MCCurrencyListNavigationController.m */; };
		82AAAB111B73BDD900C4C73A /* Currency.json in Resources */ = {isa = PBXBuildFile; fileRef = 82AAAB101B73BDD900C4C73A /* Currency.json */; };
		82B1B3A71B779AE800A16890 /* AllExchangeRateCache in Resources */ = {isa = PBXBuildFile; fileRef = 82B1B3A61B779AE800A16890 /* AllExchangeRateCache */; };
		82B627671B5FE66400070EB9 /* YQL.m in Sources */ = {isa = PBXBuildFile; fileRef = 82B627661B5FE66400070EB9 /* YQL.m */; };
/* End PBXBuildFile section */

/* Begin PBXContainerItemProxy section */
		4C1F05D51B5F8E6700DF101C /* PBXContainerItemProxy */ = {
			isa = PBXContainerItemProxy;
			containerPortal = 4C1F05B31B5F8E6700DF101C /* Project object */;
			proxyType = 1;
			remoteGlobalIDString = 4C1F05BA1B5F8E6700DF101C;
			remoteInfo = ExchangeRate;
		};
/* End PBXContainerItemProxy section */

/* Begin PBXFileReference section */
		4C1338501B6087A300585E62 /* MCCurrency.h */ = {isa = PBXFileReference; fileEncoding = 4; lastKnownFileType = sourcecode.c.h; path = MCCurrency.h; sourceTree = "<group>"; };
		4C1338511B6087A300585E62 /* MCCurrency.m */ = {isa = PBXFileReference; fileEncoding = 4; lastKnownFileType = sourcecode.c.objc; path = MCCurrency.m; sourceTree = "<group>"; };
		4C1338531B60899300585E62 /* MCExchangeRateRequest.h */ = {isa = PBXFileReference; fileEncoding = 4; lastKnownFileType = sourcecode.c.h; path = MCExchangeRateRequest.h; sourceTree = "<group>"; };
		4C1338541B60899300585E62 /* MCExchangeRateRequest.m */ = {isa = PBXFileReference; fileEncoding = 4; lastKnownFileType = sourcecode.c.objc; path = MCExchangeRateRequest.m; sourceTree = "<group>"; };
		4C1338631B60B97C00585E62 /* MCDevice.h */ = {isa = PBXFileReference; fileEncoding = 4; lastKnownFileType = sourcecode.c.h; path = MCDevice.h; sourceTree = "<group>"; };
		4C1338641B60B97C00585E62 /* MCDevice.m */ = {isa = PBXFileReference; fileEncoding = 4; lastKnownFileType = sourcecode.c.objc; path = MCDevice.m; sourceTree = "<group>"; };
		4C1338671B60B97C00585E62 /* MCDrawImage.h */ = {isa = PBXFileReference; fileEncoding = 4; lastKnownFileType = sourcecode.c.h; path = MCDrawImage.h; sourceTree = "<group>"; };
		4C1338681B60B97C00585E62 /* MCDrawImage.m */ = {isa = PBXFileReference; fileEncoding = 4; lastKnownFileType = sourcecode.c.objc; path = MCDrawImage.m; sourceTree = "<group>"; };
		4C13386B1B60B97C00585E62 /* MCImageExtension.h */ = {isa = PBXFileReference; fileEncoding = 4; lastKnownFileType = sourcecode.c.h; path = MCImageExtension.h; sourceTree = "<group>"; };
		4C13386C1B60B97C00585E62 /* MCImageExtension.m */ = {isa = PBXFileReference; fileEncoding = 4; lastKnownFileType = sourcecode.c.objc; path = MCImageExtension.m; sourceTree = "<group>"; };
		4C13386D1B60B97C00585E62 /* MCStringExtension.h */ = {isa = PBXFileReference; fileEncoding = 4; lastKnownFileType = sourcecode.c.h; path = MCStringExtension.h; sourceTree = "<group>"; };
		4C13386E1B60B97C00585E62 /* MCStringExtension.m */ = {isa = PBXFileReference; fileEncoding = 4; lastKnownFileType = sourcecode.c.objc; path = MCStringExtension.m; sourceTree = "<group>"; };
		4C13386F1B60B97C00585E62 /* MingleChang.h */ = {isa = PBXFileReference; fileEncoding = 4; lastKnownFileType = sourcecode.c.h; path = MingleChang.h; sourceTree = "<group>"; };
		4C1338801B60BD6800585E62 /* MCExchangeRateRoot.h */ = {isa = PBXFileReference; fileEncoding = 4; lastKnownFileType = sourcecode.c.h; path = MCExchangeRateRoot.h; sourceTree = "<group>"; };
		4C1338811B60BD6800585E62 /* MCExchangeRateRoot.m */ = {isa = PBXFileReference; fileEncoding = 4; lastKnownFileType = sourcecode.c.objc; path = MCExchangeRateRoot.m; sourceTree = "<group>"; };
		4C1338831B60BDA100585E62 /* MCExchangeRateQuery.h */ = {isa = PBXFileReference; fileEncoding = 4; lastKnownFileType = sourcecode.c.h; path = MCExchangeRateQuery.h; sourceTree = "<group>"; };
		4C1338841B60BDA100585E62 /* MCExchangeRateQuery.m */ = {isa = PBXFileReference; fileEncoding = 4; lastKnownFileType = sourcecode.c.objc; path = MCExchangeRateQuery.m; sourceTree = "<group>"; };
		4C1338861B60BDF600585E62 /* MCExchangeRateResult.h */ = {isa = PBXFileReference; fileEncoding = 4; lastKnownFileType = sourcecode.c.h; path = MCExchangeRateResult.h; sourceTree = "<group>"; };
		4C1338871B60BDF600585E62 /* MCExchangeRateResult.m */ = {isa = PBXFileReference; fileEncoding = 4; lastKnownFileType = sourcecode.c.objc; path = MCExchangeRateResult.m; sourceTree = "<group>"; };
		4C1F05BB1B5F8E6700DF101C /* ExchangeRate.app */ = {isa = PBXFileReference; explicitFileType = wrapper.application; includeInIndex = 0; path = ExchangeRate.app; sourceTree = BUILT_PRODUCTS_DIR; };
		4C1F05C01B5F8E6700DF101C /* main.m */ = {isa = PBXFileReference; lastKnownFileType = sourcecode.c.objc; path = main.m; sourceTree = "<group>"; };
		4C1F05C21B5F8E6700DF101C /* AppDelegate.h */ = {isa = PBXFileReference; lastKnownFileType = sourcecode.c.h; path = AppDelegate.h; sourceTree = "<group>"; };
		4C1F05C31B5F8E6700DF101C /* AppDelegate.m */ = {isa = PBXFileReference; lastKnownFileType = sourcecode.c.objc; path = AppDelegate.m; sourceTree = "<group>"; };
		4C1F05CB1B5F8E6700DF101C /* Images.xcassets */ = {isa = PBXFileReference; lastKnownFileType = folder.assetcatalog; path = Images.xcassets; sourceTree = "<group>"; };
		4C1F05D41B5F8E6700DF101C /* ExchangeRateTests.xctest */ = {isa = PBXFileReference; explicitFileType = wrapper.cfbundle; includeInIndex = 0; path = ExchangeRateTests.xctest; sourceTree = BUILT_PRODUCTS_DIR; };
		4C1F05D91B5F8E6700DF101C /* Info.plist */ = {isa = PBXFileReference; lastKnownFileType = text.plist.xml; path = Info.plist; sourceTree = "<group>"; };
		4C1F05DA1B5F8E6700DF101C /* ExchangeRateTests.m */ = {isa = PBXFileReference; lastKnownFileType = sourcecode.c.objc; path = ExchangeRateTests.m; sourceTree = "<group>"; };
		4C1F06411B5F978C00DF101C /* DataManager.h */ = {isa = PBXFileReference; fileEncoding = 4; lastKnownFileType = sourcecode.c.h; path = DataManager.h; sourceTree = "<group>"; };
		4C1F06421B5F978C00DF101C /* DataManager.m */ = {isa = PBXFileReference; fileEncoding = 4; lastKnownFileType = sourcecode.c.objc; path = DataManager.m; sourceTree = "<group>"; };
		4C1F06491B5F978C00DF101C /* MCExchangeRate.h */ = {isa = PBXFileReference; fileEncoding = 4; lastKnownFileType = sourcecode.c.h; path = MCExchangeRate.h; sourceTree = "<group>"; };
		4C1F064A1B5F978C00DF101C /* MCExchangeRate.m */ = {isa = PBXFileReference; fileEncoding = 4; lastKnownFileType = sourcecode.c.objc; path = MCExchangeRate.m; sourceTree = "<group>"; };
		4C1F064C1B5F978C00DF101C /* LaunchScreen.xib */ = {isa = PBXFileReference; fileEncoding = 4; lastKnownFileType = file.xib; path = LaunchScreen.xib; sourceTree = "<group>"; };
		4C1F064D1B5F978C00DF101C /* Main.storyboard */ = {isa = PBXFileReference; fileEncoding = 4; lastKnownFileType = file.storyboard; path = Main.storyboard; sourceTree = "<group>"; };
		4C2014AF1B8C467F000994B7 /* GoogleMobileAds.framework */ = {isa = PBXFileReference; lastKnownFileType = wrapper.framework; path = GoogleMobileAds.framework; sourceTree = "<group>"; };
		4C30BC8F1B93E24A0081F391 /* Sentences.json */ = {isa = PBXFileReference; fileEncoding = 4; lastKnownFileType = text.json; path = Sentences.json; sourceTree = "<group>"; };
		4C30BC911B93E2740081F391 /* MCSentence.h */ = {isa = PBXFileReference; fileEncoding = 4; lastKnownFileType = sourcecode.c.h; path = MCSentence.h; sourceTree = "<group>"; };
		4C30BC921B93E2740081F391 /* MCSentence.m */ = {isa = PBXFileReference; fileEncoding = 4; lastKnownFileType = sourcecode.c.objc; path = MCSentence.m; sourceTree = "<group>"; };
		4C30BC941B93E3670081F391 /* MCEmptyView.h */ = {isa = PBXFileReference; fileEncoding = 4; lastKnownFileType = sourcecode.c.h; path = MCEmptyView.h; sourceTree = "<group>"; };
		4C30BC951B93E3670081F391 /* MCEmptyView.m */ = {isa = PBXFileReference; fileEncoding = 4; lastKnownFileType = sourcecode.c.objc; path = MCEmptyView.m; sourceTree = "<group>"; };
		4C38FCA81B686B8F0025709E /* MCCurrencyListCell.h */ = {isa = PBXFileReference; fileEncoding = 4; lastKnownFileType = sourcecode.c.h; path = MCCurrencyListCell.h; sourceTree = "<group>"; };
		4C38FCA91B686B8F0025709E /* MCCurrencyListCell.m */ = {isa = PBXFileReference; fileEncoding = 4; lastKnownFileType = sourcecode.c.objc; path = MCCurrencyListCell.m; sourceTree = "<group>"; };
		4C38FCAA1B686B8F0025709E /* MCCurrencyListCell.xib */ = {isa = PBXFileReference; fileEncoding = 4; lastKnownFileType = file.xib; path = MCCurrencyListCell.xib; sourceTree = "<group>"; };
		4C38FCAD1B686F740025709E /* StartUp.h */ = {isa = PBXFileReference; fileEncoding = 4; lastKnownFileType = sourcecode.c.h; path = StartUp.h; sourceTree = "<group>"; };
		4C38FCAE1B686F740025709E /* StartUp.m */ = {isa = PBXFileReference; fileEncoding = 4; lastKnownFileType = sourcecode.c.objc; path = StartUp.m; sourceTree = "<group>"; };
		4C3ACD5E1B672A11003B7C59 /* FilePath.h */ = {isa = PBXFileReference; fileEncoding = 4; lastKnownFileType = sourcecode.c.h; path = FilePath.h; sourceTree = "<group>"; };
		4C3ACD5F1B672A11003B7C59 /* FilePath.m */ = {isa = PBXFileReference; fileEncoding = 4; lastKnownFileType = sourcecode.c.objc; path = FilePath.m; sourceTree = "<group>"; };
		4C4D4F6F1B70A94900F18518 /* MCNumberKeyboard.h */ = {isa = PBXFileReference; fileEncoding = 4; lastKnownFileType = sourcecode.c.h; path = MCNumberKeyboard.h; sourceTree = "<group>"; };
		4C4D4F701B70A94900F18518 /* MCNumberKeyboard.m */ = {isa = PBXFileReference; fileEncoding = 4; lastKnownFileType = sourcecode.c.objc; path = MCNumberKeyboard.m; sourceTree = "<group>"; };
		4C4D4F711B70A94900F18518 /* MCNumberKeyboard.xib */ = {isa = PBXFileReference; fileEncoding = 4; lastKnownFileType = file.xib; path = MCNumberKeyboard.xib; sourceTree = "<group>"; };
		4C4D4F741B70A95100F18518 /* MCCalculate.h */ = {isa = PBXFileReference; fileEncoding = 4; lastKnownFileType = sourcecode.c.h; path = MCCalculate.h; sourceTree = "<group>"; };
		4C4D4F751B70A95100F18518 /* MCCalculate.m */ = {isa = PBXFileReference; fileEncoding = 4; lastKnownFileType = sourcecode.c.objc; path = MCCalculate.m; sourceTree = "<group>"; };
		4CF9E5731B661EED003C1A56 /* MCExchangeRateCell.h */ = {isa = PBXFileReference; fileEncoding = 4; lastKnownFileType = sourcecode.c.h; path = MCExchangeRateCell.h; sourceTree = "<group>"; };
		4CF9E5741B661EED003C1A56 /* MCExchangeRateCell.m */ = {isa = PBXFileReference; fileEncoding = 4; lastKnownFileType = sourcecode.c.objc; path = MCExchangeRateCell.m; sourceTree = "<group>"; };
		4CF9E5751B661EED003C1A56 /* MCExchangeRateCell.xib */ = {isa = PBXFileReference; fileEncoding = 4; lastKnownFileType = file.xib; path = MCExchangeRateCell.xib; sourceTree = "<group>"; };
		4CF9E5761B661EED003C1A56 /* MCPanCell.h */ = {isa = PBXFileReference; fileEncoding = 4; lastKnownFileType = sourcecode.c.h; path = MCPanCell.h; sourceTree = "<group>"; };
		4CF9E5771B661EED003C1A56 /* MCPanCell.m */ = {isa = PBXFileReference; fileEncoding = 4; lastKnownFileType = sourcecode.c.objc; path = MCPanCell.m; sourceTree = "<group>"; };
		4CF9E5781B661EED003C1A56 /* MCPanCell.xib */ = {isa = PBXFileReference; fileEncoding = 4; lastKnownFileType = file.xib; path = MCPanCell.xib; sourceTree = "<group>"; };
		822A40581B84DFA100CF3A53 /* SelectedCurrencies.json */ = {isa = PBXFileReference; fileEncoding = 4; lastKnownFileType = text.json; path = SelectedCurrencies.json; sourceTree = "<group>"; };
		823B94AB1B97476E00EC2453 /* Base */ = {isa = PBXFileReference; lastKnownFileType = text.plist.strings; name = Base; path = Base.lproj/InfoPlist.strings; sourceTree = "<group>"; };
		823B94AD1B97478400EC2453 /* zh-Hans */ = {isa = PBXFileReference; lastKnownFileType = text.plist.strings; name = "zh-Hans"; path = "zh-Hans.lproj/InfoPlist.strings"; sourceTree = "<group>"; };
		823C538B1BAB18B000DB1DD6 /* libFlurry_7.1.1.a */ = {isa = PBXFileReference; lastKnownFileType = archive.ar; path = libFlurry_7.1.1.a; sourceTree = "<group>"; };
		823C53901BAB285800DB1DD6 /* Base */ = {isa = PBXFileReference; lastKnownFileType = text.plist.strings; name = Base; path = Base.lproj/Currency.strings; sourceTree = "<group>"; };
		823C53921BAB285E00DB1DD6 /* en */ = {isa = PBXFileReference; lastKnownFileType = text.plist.strings; name = en; path = en.lproj/Currency.strings; sourceTree = "<group>"; };
		823C53931BAB286000DB1DD6 /* zh-Hans */ = {isa = PBXFileReference; lastKnownFileType = text.plist.strings; name = "zh-Hans"; path = "zh-Hans.lproj/Currency.strings"; sourceTree = "<group>"; };
		823C53941BAB286B00DB1DD6 /* en */ = {isa = PBXFileReference; lastKnownFileType = text.plist.strings; name = en; path = en.lproj/InfoPlist.strings; sourceTree = "<group>"; };
		823DE42D1B667A6C009C4381 /* MCExchangeRateNavigationController.h */ = {isa = PBXFileReference; fileEncoding = 4; lastKnownFileType = sourcecode.c.h; path = MCExchangeRateNavigationController.h; sourceTree = "<group>"; };
		823DE42E1B667A6C009C4381 /* MCExchangeRateNavigationController.m */ = {isa = PBXFileReference; fileEncoding = 4; lastKnownFileType = sourcecode.c.objc; path = MCExchangeRateNavigationController.m; sourceTree = "<group>"; };
		823DE4301B667A88009C4381 /* MCExchangeRateViewController.h */ = {isa = PBXFileReference; fileEncoding = 4; lastKnownFileType = sourcecode.c.h; path = MCExchangeRateViewController.h; sourceTree = "<group>"; };
		823DE4311B667A88009C4381 /* MCExchangeRateViewController.m */ = {isa = PBXFileReference; fileEncoding = 4; lastKnownFileType = sourcecode.c.objc; path = MCExchangeRateViewController.m; sourceTree = "<group>"; };
		825B20681B67D88A00ED9E7D /* MCCurrencyListViewController.h */ = {isa = PBXFileReference; fileEncoding = 4; lastKnownFileType = sourcecode.c.h; path = MCCurrencyListViewController.h; sourceTree = "<group>"; };
		825B20691B67D88A00ED9E7D /* MCCurrencyListViewController.m */ = {isa = PBXFileReference; fileEncoding = 4; lastKnownFileType = sourcecode.c.objc; path = MCCurrencyListViewController.m; sourceTree = "<group>"; };
		825B206B1B67D8A900ED9E7D /* MCCurrencyListNavigationController.h */ = {isa = PBXFileReference; fileEncoding = 4; lastKnownFileType = sourcecode.c.h; path = MCCurrencyListNavigationController.h; sourceTree = "<group>"; };
		825B206C1B67D8A900ED9E7D /* MCCurrencyListNavigationController.m */ = {isa = PBXFileReference; fileEncoding = 4; lastKnownFileType = sourcecode.c.objc; path = MCCurrencyListNavigationController.m; sourceTree = "<group>"; };
		82687B501B7CDF76008876CF /* Flurry.h */ = {isa = PBXFileReference; fileEncoding = 4; lastKnownFileType = sourcecode.c.h; path = Flurry.h; sourceTree = "<group>"; };
		82687B511B7CDF76008876CF /* FlurryWatch.h */ = {isa = PBXFileReference; fileEncoding = 4; lastKnownFileType = sourcecode.c.h; path = FlurryWatch.h; sourceTree = "<group>"; };
		82AAAB101B73BDD900C4C73A /* Currency.json */ = {isa = PBXFileReference; fileEncoding = 4; lastKnownFileType = text.json; path = Currency.json; sourceTree = "<group>"; };
		82B1B3A61B779AE800A16890 /* AllExchangeRateCache */ = {isa = PBXFileReference; lastKnownFileType = file.bplist; path = AllExchangeRateCache; sourceTree = "<group>"; };
		82B627651B5FE66400070EB9 /* YQL.h */ = {isa = PBXFileReference; fileEncoding = 4; lastKnownFileType = sourcecode.c.h; path = YQL.h; sourceTree = "<group>"; };
		82B627661B5FE66400070EB9 /* YQL.m */ = {isa = PBXFileReference; fileEncoding = 4; lastKnownFileType = sourcecode.c.objc; path = YQL.m; sourceTree = "<group>"; };
		82FE24A71B974A5A00C8E6A2 /* Info.plist */ = {isa = PBXFileReference; fileEncoding = 4; lastKnownFileType = text.plist.xml; path = Info.plist; sourceTree = "<group>"; };
/* End PBXFileReference section */

/* Begin PBXFrameworksBuildPhase section */
		4C1F05B81B5F8E6700DF101C /* Frameworks */ = {
			isa = PBXFrameworksBuildPhase;
			buildActionMask = 2147483647;
			files = (
				4C2014B01B8C467F000994B7 /* GoogleMobileAds.framework in Frameworks */,
				823C538C1BAB18B000DB1DD6 /* libFlurry_7.1.1.a in Frameworks */,
			);
			runOnlyForDeploymentPostprocessing = 0;
		};
		4C1F05D11B5F8E6700DF101C /* Frameworks */ = {
			isa = PBXFrameworksBuildPhase;
			buildActionMask = 2147483647;
			files = (
			);
			runOnlyForDeploymentPostprocessing = 0;
		};
/* End PBXFrameworksBuildPhase section */

/* Begin PBXGroup section */
		4C1338561B60B97C00585E62 /* MingleChang */ = {
			isa = PBXGroup;
			children = (
				4C1338631B60B97C00585E62 /* MCDevice.h */,
				4C1338641B60B97C00585E62 /* MCDevice.m */,
				4C1338671B60B97C00585E62 /* MCDrawImage.h */,
				4C1338681B60B97C00585E62 /* MCDrawImage.m */,
				4C13386B1B60B97C00585E62 /* MCImageExtension.h */,
				4C13386C1B60B97C00585E62 /* MCImageExtension.m */,
				4C13386D1B60B97C00585E62 /* MCStringExtension.h */,
				4C13386E1B60B97C00585E62 /* MCStringExtension.m */,
				4C13386F1B60B97C00585E62 /* MingleChang.h */,
			);
			path = MingleChang;
			sourceTree = "<group>";
		};
		4C1F05B21B5F8E6700DF101C = {
			isa = PBXGroup;
			children = (
				4C1F05BD1B5F8E6700DF101C /* ExchangeRate */,
				4C1F05D71B5F8E6700DF101C /* ExchangeRateTests */,
				4C1F05BC1B5F8E6700DF101C /* Products */,
			);
			sourceTree = "<group>";
		};
		4C1F05BC1B5F8E6700DF101C /* Products */ = {
			isa = PBXGroup;
			children = (
				4C1F05BB1B5F8E6700DF101C /* ExchangeRate.app */,
				4C1F05D41B5F8E6700DF101C /* ExchangeRateTests.xctest */,
			);
			name = Products;
			sourceTree = "<group>";
		};
		4C1F05BD1B5F8E6700DF101C /* ExchangeRate */ = {
			isa = PBXGroup;
			children = (
				82B627631B5FE66400070EB9 /* Depends */,
				4C1F06401B5F978C00DF101C /* Common */,
				4C1F06431B5F978C00DF101C /* Controller */,
				4C1F06461B5F978C00DF101C /* Model */,
				4CF9E5721B661EED003C1A56 /* Views */,
				4C1F064B1B5F978C00DF101C /* Resources */,
				4C1F05C21B5F8E6700DF101C /* AppDelegate.h */,
				4C1F05C31B5F8E6700DF101C /* AppDelegate.m */,
				4C1F05CB1B5F8E6700DF101C /* Images.xcassets */,
				4C1F05BE1B5F8E6700DF101C /* Supporting Files */,
			);
			path = ExchangeRate;
			sourceTree = "<group>";
		};
		4C1F05BE1B5F8E6700DF101C /* Supporting Files */ = {
			isa = PBXGroup;
			children = (
				82FE24A71B974A5A00C8E6A2 /* Info.plist */,
				4C1F05C01B5F8E6700DF101C /* main.m */,
			);
			name = "Supporting Files";
			sourceTree = "<group>";
		};
		4C1F05D71B5F8E6700DF101C /* ExchangeRateTests */ = {
			isa = PBXGroup;
			children = (
				4C1F05DA1B5F8E6700DF101C /* ExchangeRateTests.m */,
				4C1F05D81B5F8E6700DF101C /* Supporting Files */,
			);
			path = ExchangeRateTests;
			sourceTree = "<group>";
		};
		4C1F05D81B5F8E6700DF101C /* Supporting Files */ = {
			isa = PBXGroup;
			children = (
				4C1F05D91B5F8E6700DF101C /* Info.plist */,
			);
			name = "Supporting Files";
			sourceTree = "<group>";
		};
		4C1F06401B5F978C00DF101C /* Common */ = {
			isa = PBXGroup;
			children = (
				4C1F06411B5F978C00DF101C /* DataManager.h */,
				4C1F06421B5F978C00DF101C /* DataManager.m */,
				4C1338531B60899300585E62 /* MCExchangeRateRequest.h */,
				4C1338541B60899300585E62 /* MCExchangeRateRequest.m */,
				4C3ACD5E1B672A11003B7C59 /* FilePath.h */,
				4C3ACD5F1B672A11003B7C59 /* FilePath.m */,
				4C38FCAD1B686F740025709E /* StartUp.h */,
				4C38FCAE1B686F740025709E /* StartUp.m */,
			);
			path = Common;
			sourceTree = "<group>";
		};
		4C1F06431B5F978C00DF101C /* Controller */ = {
			isa = PBXGroup;
			children = (
				823DE42D1B667A6C009C4381 /* MCExchangeRateNavigationController.h */,
				823DE42E1B667A6C009C4381 /* MCExchangeRateNavigationController.m */,
				823DE4301B667A88009C4381 /* MCExchangeRateViewController.h */,
				823DE4311B667A88009C4381 /* MCExchangeRateViewController.m */,
				825B206B1B67D8A900ED9E7D /* MCCurrencyListNavigationController.h */,
				825B206C1B67D8A900ED9E7D /* MCCurrencyListNavigationController.m */,
				825B20681B67D88A00ED9E7D /* MCCurrencyListViewController.h */,
				825B20691B67D88A00ED9E7D /* MCCurrencyListViewController.m */,
			);
			path = Controller;
			sourceTree = "<group>";
		};
		4C1F06461B5F978C00DF101C /* Model */ = {
			isa = PBXGroup;
			children = (
				4C4D4F741B70A95100F18518 /* MCCalculate.h */,
				4C4D4F751B70A95100F18518 /* MCCalculate.m */,
				4C1338801B60BD6800585E62 /* MCExchangeRateRoot.h */,
				4C1338811B60BD6800585E62 /* MCExchangeRateRoot.m */,
				4C1338831B60BDA100585E62 /* MCExchangeRateQuery.h */,
				4C1338841B60BDA100585E62 /* MCExchangeRateQuery.m */,
				4C1338861B60BDF600585E62 /* MCExchangeRateResult.h */,
				4C1338871B60BDF600585E62 /* MCExchangeRateResult.m */,
				4C1F06491B5F978C00DF101C /* MCExchangeRate.h */,
				4C1F064A1B5F978C00DF101C /* MCExchangeRate.m */,
				4C1338501B6087A300585E62 /* MCCurrency.h */,
				4C1338511B6087A300585E62 /* MCCurrency.m */,
				4C30BC911B93E2740081F391 /* MCSentence.h */,
				4C30BC921B93E2740081F391 /* MCSentence.m */,
			);
			path = Model;
			sourceTree = "<group>";
		};
		4C1F064B1B5F978C00DF101C /* Resources */ = {
			isa = PBXGroup;
			children = (
				4C1F064C1B5F978C00DF101C /* LaunchScreen.xib */,
				4C1F064D1B5F978C00DF101C /* Main.storyboard */,
				82AAAB101B73BDD900C4C73A /* Currency.json */,
				822A40581B84DFA100CF3A53 /* SelectedCurrencies.json */,
				82B1B3A61B779AE800A16890 /* AllExchangeRateCache */,
				4C30BC8F1B93E24A0081F391 /* Sentences.json */,
				823B94AC1B97476E00EC2453 /* InfoPlist.strings */,
				823C53911BAB285800DB1DD6 /* Currency.strings */,
			);
			path = Resources;
			sourceTree = "<group>";
		};
		4CF9E5721B661EED003C1A56 /* Views */ = {
			isa = PBXGroup;
			children = (
				4C4D4F6F1B70A94900F18518 /* MCNumberKeyboard.h */,
				4C4D4F701B70A94900F18518 /* MCNumberKeyboard.m */,
				4C4D4F711B70A94900F18518 /* MCNumberKeyboard.xib */,
				4C38FCA81B686B8F0025709E /* MCCurrencyListCell.h */,
				4C38FCA91B686B8F0025709E /* MCCurrencyListCell.m */,
				4C38FCAA1B686B8F0025709E /* MCCurrencyListCell.xib */,
				4CF9E5731B661EED003C1A56 /* MCExchangeRateCell.h */,
				4CF9E5741B661EED003C1A56 /* MCExchangeRateCell.m */,
				4CF9E5751B661EED003C1A56 /* MCExchangeRateCell.xib */,
				4CF9E5761B661EED003C1A56 /* MCPanCell.h */,
				4CF9E5771B661EED003C1A56 /* MCPanCell.m */,
				4CF9E5781B661EED003C1A56 /* MCPanCell.xib */,
				4C30BC941B93E3670081F391 /* MCEmptyView.h */,
				4C30BC951B93E3670081F391 /* MCEmptyView.m */,
			);
			path = Views;
			sourceTree = "<group>";
		};
		82687B4F1B7CDF76008876CF /* Flurry */ = {
			isa = PBXGroup;
			children = (
				82687B501B7CDF76008876CF /* Flurry.h */,
				82687B511B7CDF76008876CF /* FlurryWatch.h */,
				823C538B1BAB18B000DB1DD6 /* libFlurry_7.1.1.a */,
			);
			path = Flurry;
			sourceTree = "<group>";
		};
		82B627631B5FE66400070EB9 /* Depends */ = {
			isa = PBXGroup;
			children = (
				4C2014AF1B8C467F000994B7 /* GoogleMobileAds.framework */,
				82687B4F1B7CDF76008876CF /* Flurry */,
				4C1338561B60B97C00585E62 /* MingleChang */,
				82B627641B5FE66400070EB9 /* YQL */,
			);
			path = Depends;
			sourceTree = "<group>";
		};
		82B627641B5FE66400070EB9 /* YQL */ = {
			isa = PBXGroup;
			children = (
				82B627651B5FE66400070EB9 /* YQL.h */,
				82B627661B5FE66400070EB9 /* YQL.m */,
			);
			path = YQL;
			sourceTree = "<group>";
		};
/* End PBXGroup section */

/* Begin PBXNativeTarget section */
		4C1F05BA1B5F8E6700DF101C /* ExchangeRate */ = {
			isa = PBXNativeTarget;
			buildConfigurationList = 4C1F05DE1B5F8E6700DF101C /* Build configuration list for PBXNativeTarget "ExchangeRate" */;
			buildPhases = (
				4C1F05B71B5F8E6700DF101C /* Sources */,
				4C1F05B81B5F8E6700DF101C /* Frameworks */,
				4C1F05B91B5F8E6700DF101C /* Resources */,
			);
			buildRules = (
			);
			dependencies = (
			);
			name = ExchangeRate;
			productName = ExchangeRate;
			productReference = 4C1F05BB1B5F8E6700DF101C /* ExchangeRate.app */;
			productType = "com.apple.product-type.application";
		};
		4C1F05D31B5F8E6700DF101C /* ExchangeRateTests */ = {
			isa = PBXNativeTarget;
			buildConfigurationList = 4C1F05E11B5F8E6700DF101C /* Build configuration list for PBXNativeTarget "ExchangeRateTests" */;
			buildPhases = (
				4C1F05D01B5F8E6700DF101C /* Sources */,
				4C1F05D11B5F8E6700DF101C /* Frameworks */,
				4C1F05D21B5F8E6700DF101C /* Resources */,
			);
			buildRules = (
			);
			dependencies = (
				4C1F05D61B5F8E6700DF101C /* PBXTargetDependency */,
			);
			name = ExchangeRateTests;
			productName = ExchangeRateTests;
			productReference = 4C1F05D41B5F8E6700DF101C /* ExchangeRateTests.xctest */;
			productType = "com.apple.product-type.bundle.unit-test";
		};
/* End PBXNativeTarget section */

/* Begin PBXProject section */
		4C1F05B31B5F8E6700DF101C /* Project object */ = {
			isa = PBXProject;
			attributes = {
				LastUpgradeCheck = 0700;
				ORGANIZATIONNAME = MingleChang;
				TargetAttributes = {
					4C1F05BA1B5F8E6700DF101C = {
						CreatedOnToolsVersion = 6.4;
						DevelopmentTeam = USZ9R7RQAA;
					};
					4C1F05D31B5F8E6700DF101C = {
						CreatedOnToolsVersion = 6.4;
						TestTargetID = 4C1F05BA1B5F8E6700DF101C;
					};
				};
			};
			buildConfigurationList = 4C1F05B61B5F8E6700DF101C /* Build configuration list for PBXProject "ExchangeRate" */;
			compatibilityVersion = "Xcode 3.2";
			developmentRegion = English;
			hasScannedForEncodings = 0;
			knownRegions = (
				en,
				Base,
				"zh-Hans",
			);
			mainGroup = 4C1F05B21B5F8E6700DF101C;
			productRefGroup = 4C1F05BC1B5F8E6700DF101C /* Products */;
			projectDirPath = "";
			projectRoot = "";
			targets = (
				4C1F05BA1B5F8E6700DF101C /* ExchangeRate */,
				4C1F05D31B5F8E6700DF101C /* ExchangeRateTests */,
			);
		};
/* End PBXProject section */

/* Begin PBXResourcesBuildPhase section */
		4C1F05B91B5F8E6700DF101C /* Resources */ = {
			isa = PBXResourcesBuildPhase;
			buildActionMask = 2147483647;
			files = (
				82B1B3A71B779AE800A16890 /* AllExchangeRateCache in Resources */,
				823B94AA1B97476E00EC2453 /* InfoPlist.strings in Resources */,
				4C30BC901B93E24A0081F391 /* Sentences.json in Resources */,
				4C1F06571B5F978C00DF101C /* Main.storyboard in Resources */,
				4CF9E57C1B661EED003C1A56 /* MCPanCell.xib in Resources */,
				822A40591B84DFA100CF3A53 /* SelectedCurrencies.json in Resources */,
				4C38FCAC1B686B8F0025709E /* MCCurrencyListCell.xib in Resources */,
				4C4D4F731B70A94900F18518 /* MCNumberKeyboard.xib in Resources */,
				4C1F06561B5F978C00DF101C /* LaunchScreen.xib in Resources */,
				823C538F1BAB285800DB1DD6 /* Currency.strings in Resources */,
				4CF9E57A1B661EED003C1A56 /* MCExchangeRateCell.xib in Resources */,
				82AAAB111B73BDD900C4C73A /* Currency.json in Resources */,
				4C1F05CC1B5F8E6700DF101C /* Images.xcassets in Resources */,
			);
			runOnlyForDeploymentPostprocessing = 0;
		};
		4C1F05D21B5F8E6700DF101C /* Resources */ = {
			isa = PBXResourcesBuildPhase;
			buildActionMask = 2147483647;
			files = (
			);
			runOnlyForDeploymentPostprocessing = 0;
		};
/* End PBXResourcesBuildPhase section */

/* Begin PBXSourcesBuildPhase section */
		4C1F05B71B5F8E6700DF101C /* Sources */ = {
			isa = PBXSourcesBuildPhase;
			buildActionMask = 2147483647;
			files = (
				4C1F06551B5F978C00DF101C /* MCExchangeRate.m in Sources */,
				4C1338881B60BDF600585E62 /* MCExchangeRateResult.m in Sources */,
				4C1338781B60B97C00585E62 /* MCDrawImage.m in Sources */,
				4CF9E57B1B661EED003C1A56 /* MCPanCell.m in Sources */,
				4C30BC931B93E2740081F391 /* MCSentence.m in Sources */,
				823DE42F1B667A6C009C4381 /* MCExchangeRateNavigationController.m in Sources */,
				4C1338551B60899300585E62 /* MCExchangeRateRequest.m in Sources */,
				4C38FCAB1B686B8F0025709E /* MCCurrencyListCell.m in Sources */,
				4C13387B1B60B97C00585E62 /* MCStringExtension.m in Sources */,
				823DE4321B667A88009C4381 /* MCExchangeRateViewController.m in Sources */,
				4C30BC961B93E3670081F391 /* MCEmptyView.m in Sources */,
				4C4D4F721B70A94900F18518 /* MCNumberKeyboard.m in Sources */,
				4C38FCAF1B686F740025709E /* StartUp.m in Sources */,
				4C13387A1B60B97C00585E62 /* MCImageExtension.m in Sources */,
				4C1338851B60BDA100585E62 /* MCExchangeRateQuery.m in Sources */,
				4C3ACD601B672A11003B7C59 /* FilePath.m in Sources */,
				825B206A1B67D88A00ED9E7D /* MCCurrencyListViewController.m in Sources */,
				4C4D4F761B70A95100F18518 /* MCCalculate.m in Sources */,
				4C1338821B60BD6800585E62 /* MCExchangeRateRoot.m in Sources */,
				4C1338761B60B97C00585E62 /* MCDevice.m in Sources */,
				4C1338521B6087A300585E62 /* MCCurrency.m in Sources */,
				4C1F05C41B5F8E6700DF101C /* AppDelegate.m in Sources */,
				4C1F06521B5F978C00DF101C /* DataManager.m in Sources */,
				82B627671B5FE66400070EB9 /* YQL.m in Sources */,
				825B206D1B67D8A900ED9E7D /* MCCurrencyListNavigationController.m in Sources */,
				4CF9E5791B661EED003C1A56 /* MCExchangeRateCell.m in Sources */,
				4C1F05C11B5F8E6700DF101C /* main.m in Sources */,
			);
			runOnlyForDeploymentPostprocessing = 0;
		};
		4C1F05D01B5F8E6700DF101C /* Sources */ = {
			isa = PBXSourcesBuildPhase;
			buildActionMask = 2147483647;
			files = (
				4C1F05DB1B5F8E6700DF101C /* ExchangeRateTests.m in Sources */,
			);
			runOnlyForDeploymentPostprocessing = 0;
		};
/* End PBXSourcesBuildPhase section */

/* Begin PBXTargetDependency section */
		4C1F05D61B5F8E6700DF101C /* PBXTargetDependency */ = {
			isa = PBXTargetDependency;
			target = 4C1F05BA1B5F8E6700DF101C /* ExchangeRate */;
			targetProxy = 4C1F05D51B5F8E6700DF101C /* PBXContainerItemProxy */;
		};
/* End PBXTargetDependency section */

/* Begin PBXVariantGroup section */
		823B94AC1B97476E00EC2453 /* InfoPlist.strings */ = {
			isa = PBXVariantGroup;
			children = (
				823B94AB1B97476E00EC2453 /* Base */,
				823B94AD1B97478400EC2453 /* zh-Hans */,
				823C53941BAB286B00DB1DD6 /* en */,
			);
			name = InfoPlist.strings;
			sourceTree = "<group>";
		};
		823C53911BAB285800DB1DD6 /* Currency.strings */ = {
			isa = PBXVariantGroup;
			children = (
				823C53901BAB285800DB1DD6 /* Base */,
				823C53921BAB285E00DB1DD6 /* en */,
				823C53931BAB286000DB1DD6 /* zh-Hans */,
			);
			name = Currency.strings;
			sourceTree = "<group>";
		};
/* End PBXVariantGroup section */

/* Begin XCBuildConfiguration section */
		4C1F05DC1B5F8E6700DF101C /* Debug */ = {
			isa = XCBuildConfiguration;
			buildSettings = {
				ALWAYS_SEARCH_USER_PATHS = NO;
				CLANG_CXX_LANGUAGE_STANDARD = "gnu++0x";
				CLANG_CXX_LIBRARY = "libc++";
				CLANG_ENABLE_MODULES = YES;
				CLANG_ENABLE_OBJC_ARC = YES;
				CLANG_WARN_BOOL_CONVERSION = YES;
				CLANG_WARN_CONSTANT_CONVERSION = YES;
				CLANG_WARN_DIRECT_OBJC_ISA_USAGE = YES_ERROR;
				CLANG_WARN_EMPTY_BODY = YES;
				CLANG_WARN_ENUM_CONVERSION = YES;
				CLANG_WARN_INT_CONVERSION = YES;
				CLANG_WARN_OBJC_ROOT_CLASS = YES_ERROR;
				CLANG_WARN_UNREACHABLE_CODE = YES;
				CLANG_WARN__DUPLICATE_METHOD_MATCH = YES;
				"CODE_SIGN_IDENTITY[sdk=iphoneos*]" = "iPhone Developer";
				COPY_PHASE_STRIP = NO;
				DEBUG_INFORMATION_FORMAT = "dwarf-with-dsym";
				ENABLE_STRICT_OBJC_MSGSEND = YES;
				ENABLE_TESTABILITY = YES;
				GCC_C_LANGUAGE_STANDARD = gnu99;
				GCC_DYNAMIC_NO_PIC = NO;
				GCC_NO_COMMON_BLOCKS = YES;
				GCC_OPTIMIZATION_LEVEL = 0;
				GCC_PREPROCESSOR_DEFINITIONS = (
					"DEBUG=1",
					"$(inherited)",
				);
				GCC_SYMBOLS_PRIVATE_EXTERN = NO;
				GCC_WARN_64_TO_32_BIT_CONVERSION = YES;
				GCC_WARN_ABOUT_RETURN_TYPE = YES_ERROR;
				GCC_WARN_UNDECLARED_SELECTOR = YES;
				GCC_WARN_UNINITIALIZED_AUTOS = YES_AGGRESSIVE;
				GCC_WARN_UNUSED_FUNCTION = YES;
				GCC_WARN_UNUSED_VARIABLE = YES;
				IPHONEOS_DEPLOYMENT_TARGET = 8.4;
				MTL_ENABLE_DEBUG_INFO = YES;
				ONLY_ACTIVE_ARCH = YES;
				SDKROOT = iphoneos;
			};
			name = Debug;
		};
		4C1F05DD1B5F8E6700DF101C /* Release */ = {
			isa = XCBuildConfiguration;
			buildSettings = {
				ALWAYS_SEARCH_USER_PATHS = NO;
				CLANG_CXX_LANGUAGE_STANDARD = "gnu++0x";
				CLANG_CXX_LIBRARY = "libc++";
				CLANG_ENABLE_MODULES = YES;
				CLANG_ENABLE_OBJC_ARC = YES;
				CLANG_WARN_BOOL_CONVERSION = YES;
				CLANG_WARN_CONSTANT_CONVERSION = YES;
				CLANG_WARN_DIRECT_OBJC_ISA_USAGE = YES_ERROR;
				CLANG_WARN_EMPTY_BODY = YES;
				CLANG_WARN_ENUM_CONVERSION = YES;
				CLANG_WARN_INT_CONVERSION = YES;
				CLANG_WARN_OBJC_ROOT_CLASS = YES_ERROR;
				CLANG_WARN_UNREACHABLE_CODE = YES;
				CLANG_WARN__DUPLICATE_METHOD_MATCH = YES;
				"CODE_SIGN_IDENTITY[sdk=iphoneos*]" = "iPhone Developer";
				COPY_PHASE_STRIP = NO;
				DEBUG_INFORMATION_FORMAT = "dwarf-with-dsym";
				ENABLE_NS_ASSERTIONS = NO;
				ENABLE_STRICT_OBJC_MSGSEND = YES;
				GCC_C_LANGUAGE_STANDARD = gnu99;
				GCC_NO_COMMON_BLOCKS = YES;
				GCC_WARN_64_TO_32_BIT_CONVERSION = YES;
				GCC_WARN_ABOUT_RETURN_TYPE = YES_ERROR;
				GCC_WARN_UNDECLARED_SELECTOR = YES;
				GCC_WARN_UNINITIALIZED_AUTOS = YES_AGGRESSIVE;
				GCC_WARN_UNUSED_FUNCTION = YES;
				GCC_WARN_UNUSED_VARIABLE = YES;
				IPHONEOS_DEPLOYMENT_TARGET = 8.4;
				MTL_ENABLE_DEBUG_INFO = NO;
				SDKROOT = iphoneos;
				VALIDATE_PRODUCT = YES;
			};
			name = Release;
		};
		4C1F05DF1B5F8E6700DF101C /* Debug */ = {
			isa = XCBuildConfiguration;
			buildSettings = {
				ASSETCATALOG_COMPILER_APPICON_NAME = AppIcon;
				CODE_SIGN_IDENTITY = "iPhone Developer: Junwei Chang (FNG8894989)";
				"CODE_SIGN_IDENTITY[sdk=iphoneos*]" = "iPhone Developer: Junwei Chang (FNG8894989)";
				ENABLE_BITCODE = NO;
				FRAMEWORK_SEARCH_PATHS = (
					"$(inherited)",
					"$(PROJECT_DIR)/ExchangeRate/Depends",
				);
				INFOPLIST_FILE = ExchangeRate/Info.plist;
				IPHONEOS_DEPLOYMENT_TARGET = 8.0;
				LD_RUNPATH_SEARCH_PATHS = "$(inherited) @executable_path/Frameworks";
				LIBRARY_SEARCH_PATHS = (
					"$(inherited)",
					"$(PROJECT_DIR)/ExchangeRate/Depends/Flurry",
				);
				PRODUCT_BUNDLE_IDENTIFIER = mingle.chang.exchangerate;
				PRODUCT_NAME = "$(TARGET_NAME)";
				PROVISIONING_PROFILE = "510b2023-0877-412f-b805-5f9b1f6fd8d3";
			};
			name = Debug;
		};
		4C1F05E01B5F8E6700DF101C /* Release */ = {
			isa = XCBuildConfiguration;
			buildSettings = {
				ASSETCATALOG_COMPILER_APPICON_NAME = AppIcon;
				CODE_SIGN_IDENTITY = "iPhone Distribution: Junwei Chang (USZ9R7RQAA)";
				"CODE_SIGN_IDENTITY[sdk=iphoneos*]" = "iPhone Distribution: Junwei Chang (USZ9R7RQAA)";
				ENABLE_BITCODE = NO;
				FRAMEWORK_SEARCH_PATHS = (
					"$(inherited)",
					"$(PROJECT_DIR)/ExchangeRate/Depends",
				);
				INFOPLIST_FILE = ExchangeRate/Info.plist;
				IPHONEOS_DEPLOYMENT_TARGET = 8.0;
				LD_RUNPATH_SEARCH_PATHS = "$(inherited) @executable_path/Frameworks";
				LIBRARY_SEARCH_PATHS = (
					"$(inherited)",
					"$(PROJECT_DIR)/ExchangeRate/Depends/Flurry",
				);
				PRODUCT_BUNDLE_IDENTIFIER = mingle.chang.exchangerate;
				PRODUCT_NAME = "$(TARGET_NAME)";
				PROVISIONING_PROFILE = "5e30a8d0-3fa3-4d46-8086-ee291f5f89a4";
			};
			name = Release;
		};
		4C1F05E21B5F8E6700DF101C /* Debug */ = {
			isa = XCBuildConfiguration;
			buildSettings = {
				BUNDLE_LOADER = "$(TEST_HOST)";
				FRAMEWORK_SEARCH_PATHS = (
					"$(SDKROOT)/Developer/Library/Frameworks",
					"$(inherited)",
				);
				GCC_PREPROCESSOR_DEFINITIONS = (
					"DEBUG=1",
					"$(inherited)",
				);
				INFOPLIST_FILE = ExchangeRateTests/Info.plist;
				LD_RUNPATH_SEARCH_PATHS = "$(inherited) @executable_path/Frameworks @loader_path/Frameworks";
				PRODUCT_BUNDLE_IDENTIFIER = "MingleChang.$(PRODUCT_NAME:rfc1034identifier)";
				PRODUCT_NAME = "$(TARGET_NAME)";
				TEST_HOST = "$(BUILT_PRODUCTS_DIR)/ExchangeRate.app/ExchangeRate";
			};
			name = Debug;
		};
		4C1F05E31B5F8E6700DF101C /* Release */ = {
			isa = XCBuildConfiguration;
			buildSettings = {
				BUNDLE_LOADER = "$(TEST_HOST)";
				FRAMEWORK_SEARCH_PATHS = (
					"$(SDKROOT)/Developer/Library/Frameworks",
					"$(inherited)",
				);
				INFOPLIST_FILE = ExchangeRateTests/Info.plist;
				LD_RUNPATH_SEARCH_PATHS = "$(inherited) @executable_path/Frameworks @loader_path/Frameworks";
				PRODUCT_BUNDLE_IDENTIFIER = "MingleChang.$(PRODUCT_NAME:rfc1034identifier)";
				PRODUCT_NAME = "$(TARGET_NAME)";
				TEST_HOST = "$(BUILT_PRODUCTS_DIR)/ExchangeRate.app/ExchangeRate";
			};
			name = Release;
		};
/* End XCBuildConfiguration section */

/* Begin XCConfigurationList section */
		4C1F05B61B5F8E6700DF101C /* Build configuration list for PBXProject "ExchangeRate" */ = {
			isa = XCConfigurationList;
			buildConfigurations = (
				4C1F05DC1B5F8E6700DF101C /* Debug */,
				4C1F05DD1B5F8E6700DF101C /* Release */,
			);
			defaultConfigurationIsVisible = 0;
			defaultConfigurationName = Release;
		};
		4C1F05DE1B5F8E6700DF101C /* Build configuration list for PBXNativeTarget "ExchangeRate" */ = {
			isa = XCConfigurationList;
			buildConfigurations = (
				4C1F05DF1B5F8E6700DF101C /* Debug */,
				4C1F05E01B5F8E6700DF101C /* Release */,
			);
			defaultConfigurationIsVisible = 0;
			defaultConfigurationName = Release;
		};
		4C1F05E11B5F8E6700DF101C /* Build configuration list for PBXNativeTarget "ExchangeRateTests" */ = {
			isa = XCConfigurationList;
			buildConfigurations = (
				4C1F05E21B5F8E6700DF101C /* Debug */,
				4C1F05E31B5F8E6700DF101C /* Release */,
			);
			defaultConfigurationIsVisible = 0;
			defaultConfigurationName = Release;
		};
/* End XCConfigurationList section */
	};
	rootObject = 4C1F05B31B5F8E6700DF101C /* Project object */;
}
